<?xml version="1.0" encoding="utf-8"?>
<Project ToolsVersion="4.0" xmlns="http://schemas.microsoft.com/developer/msbuild/2003">
  <ItemGroup>
    <ClCompile Include="Main.cpp" />
    <ClCompile Include="staffPage.cpp" />
    <ClCompile Include="useraccount.cpp" />
  </ItemGroup>
  <ItemGroup>
    <ClInclude Include="feature_GUI\CancellingReserv.h" />
    <ClInclude Include="feature_GUI\GymPN.h" />
    <ClInclude Include="feature_GUI\LoadingPage.h" />
    <ClInclude Include="feature_GUI\padelPN.h" />
    <ClInclude Include="feature_GUI\PaymentPage.h" />
    <ClInclude Include="LoginPage.h" />
    <ClInclude Include="managertPage.h" />
    <ClInclude Include="sighup.h" />
    <ClInclude Include="staffPage.h" />
    <ClInclude Include="Structure.h" />
    <ClInclude Include="userPage.h" />
    <ClInclude Include="CreatClassForm.h" />
    <ClInclude Include="useraccount.h" />
    <ClInclude Include="userExpired.h" />
    <ClInclude Include="MSGsShow.h" />
    <ClInclude Include="MSGlabel.h" />
  </ItemGroup>
  <ItemGroup>
    <Image Include="AccPic.Image.png" />
    <Image Include="Image1.png" />
  </ItemGroup>
  <ItemGroup>
    <None Include="Data\staffData.csv" />
    <None Include="Data\usrData.csv" />
    <None Include="Data\gymClasses.csv" />
    <None Include="Data\SlotsData.csv" />
  </ItemGroup>
</Project>